// !$*UTF8*$!
{
	archiveVersion = 1;
	classes = {
	};
	objectVersion = 46;
	objects = {

/* Begin PBXBuildFile section */
		84551D2A1D585FDD00EF7AA5 /* KeychainSwift.swift in Sources */ = {isa = PBXBuildFile; fileRef = 84551D241D585FDD00EF7AA5 /* KeychainSwift.swift */; };
		84551D2B1D585FDD00EF7AA5 /* KeychainSwift.swift in Sources */ = {isa = PBXBuildFile; fileRef = 84551D241D585FDD00EF7AA5 /* KeychainSwift.swift */; };
		84551D2C1D585FDD00EF7AA5 /* KeychainSwift.swift in Sources */ = {isa = PBXBuildFile; fileRef = 84551D241D585FDD00EF7AA5 /* KeychainSwift.swift */; };
		84551D2D1D585FDD00EF7AA5 /* KeychainSwiftAccessOptions.swift in Sources */ = {isa = PBXBuildFile; fileRef = 84551D251D585FDD00EF7AA5 /* KeychainSwiftAccessOptions.swift */; };
		84551D2E1D585FDD00EF7AA5 /* KeychainSwiftAccessOptions.swift in Sources */ = {isa = PBXBuildFile; fileRef = 84551D251D585FDD00EF7AA5 /* KeychainSwiftAccessOptions.swift */; };
		84551D2F1D585FDD00EF7AA5 /* KeychainSwiftAccessOptions.swift in Sources */ = {isa = PBXBuildFile; fileRef = 84551D251D585FDD00EF7AA5 /* KeychainSwiftAccessOptions.swift */; };
		84551D301D585FDD00EF7AA5 /* TegKeychainConstants.swift in Sources */ = {isa = PBXBuildFile; fileRef = 84551D261D585FDD00EF7AA5 /* TegKeychainConstants.swift */; };
		84551D311D585FDD00EF7AA5 /* TegKeychainConstants.swift in Sources */ = {isa = PBXBuildFile; fileRef = 84551D261D585FDD00EF7AA5 /* TegKeychainConstants.swift */; };
		84551D321D585FDD00EF7AA5 /* TegKeychainConstants.swift in Sources */ = {isa = PBXBuildFile; fileRef = 84551D261D585FDD00EF7AA5 /* TegKeychainConstants.swift */; };
		84551D341D58608D00EF7AA5 /* JXButtonConvenient.swift in Sources */ = {isa = PBXBuildFile; fileRef = 84551D331D58608D00EF7AA5 /* JXButtonConvenient.swift */; };
		84551D351D58608D00EF7AA5 /* JXButtonConvenient.swift in Sources */ = {isa = PBXBuildFile; fileRef = 84551D331D58608D00EF7AA5 /* JXButtonConvenient.swift */; };
		84551D361D58608D00EF7AA5 /* JXButtonConvenient.swift in Sources */ = {isa = PBXBuildFile; fileRef = 84551D331D58608D00EF7AA5 /* JXButtonConvenient.swift */; };
		8475BCAF1D5486B80053FDE2 /* JXProtectViewController.swift in Sources */ = {isa = PBXBuildFile; fileRef = 8475BCAE1D5486B80053FDE2 /* JXProtectViewController.swift */; };
		8475BCB01D5486B80053FDE2 /* JXProtectViewController.swift in Sources */ = {isa = PBXBuildFile; fileRef = 8475BCAE1D5486B80053FDE2 /* JXProtectViewController.swift */; };
		8475BCB11D5486B80053FDE2 /* JXProtectViewController.swift in Sources */ = {isa = PBXBuildFile; fileRef = 8475BCAE1D5486B80053FDE2 /* JXProtectViewController.swift */; };
		8475BCB31D5487560053FDE2 /* JXProtectView.swift in Sources */ = {isa = PBXBuildFile; fileRef = 8475BCB21D5487560053FDE2 /* JXProtectView.swift */; };
		8475BCB41D5487560053FDE2 /* JXProtectView.swift in Sources */ = {isa = PBXBuildFile; fileRef = 8475BCB21D5487560053FDE2 /* JXProtectView.swift */; };
		8475BCB51D5487560053FDE2 /* JXProtectView.swift in Sources */ = {isa = PBXBuildFile; fileRef = 8475BCB21D5487560053FDE2 /* JXProtectView.swift */; };
		84803F101D4B51540090C893 /* AppDelegate.swift in Sources */ = {isa = PBXBuildFile; fileRef = 84803F0F1D4B51540090C893 /* AppDelegate.swift */; };
		84803F171D4B51540090C893 /* Assets.xcassets in Resources */ = {isa = PBXBuildFile; fileRef = 84803F161D4B51540090C893 /* Assets.xcassets */; };
		84803F1A1D4B51540090C893 /* LaunchScreen.storyboard in Resources */ = {isa = PBXBuildFile; fileRef = 84803F181D4B51540090C893 /* LaunchScreen.storyboard */; };
		84803F251D4B51540090C893 /* passwordManagementTests.swift in Sources */ = {isa = PBXBuildFile; fileRef = 84803F241D4B51540090C893 /* passwordManagementTests.swift */; };
		84803F301D4B51540090C893 /* passwordManagementUITests.swift in Sources */ = {isa = PBXBuildFile; fileRef = 84803F2F1D4B51540090C893 /* passwordManagementUITests.swift */; };
		84803F461D4EE7180090C893 /* JXNavigationViewController.swift in Sources */ = {isa = PBXBuildFile; fileRef = 84803F451D4EE7180090C893 /* JXNavigationViewController.swift */; };
		84803F471D4EE7180090C893 /* JXNavigationViewController.swift in Sources */ = {isa = PBXBuildFile; fileRef = 84803F451D4EE7180090C893 /* JXNavigationViewController.swift */; };
		84803F481D4EE7180090C893 /* JXNavigationViewController.swift in Sources */ = {isa = PBXBuildFile; fileRef = 84803F451D4EE7180090C893 /* JXNavigationViewController.swift */; };
		84803F4C1D4EE74C0090C893 /* JXItemViewController.swift in Sources */ = {isa = PBXBuildFile; fileRef = 84803F4B1D4EE74C0090C893 /* JXItemViewController.swift */; };
		84803F4D1D4EE74C0090C893 /* JXItemViewController.swift in Sources */ = {isa = PBXBuildFile; fileRef = 84803F4B1D4EE74C0090C893 /* JXItemViewController.swift */; };
		84803F4E1D4EE74C0090C893 /* JXItemViewController.swift in Sources */ = {isa = PBXBuildFile; fileRef = 84803F4B1D4EE74C0090C893 /* JXItemViewController.swift */; };
		84803F521D4EE8250090C893 /* JXViewConfigure.swift in Sources */ = {isa = PBXBuildFile; fileRef = 84803F511D4EE8250090C893 /* JXViewConfigure.swift */; };
		84803F531D4EE8250090C893 /* JXViewConfigure.swift in Sources */ = {isa = PBXBuildFile; fileRef = 84803F511D4EE8250090C893 /* JXViewConfigure.swift */; };
		84803F541D4EE8250090C893 /* JXViewConfigure.swift in Sources */ = {isa = PBXBuildFile; fileRef = 84803F511D4EE8250090C893 /* JXViewConfigure.swift */; };
		848E7BCA1D59AA8600DE53A7 /* JXViewControllerConvenient.swift in Sources */ = {isa = PBXBuildFile; fileRef = 848E7BC91D59AA8600DE53A7 /* JXViewControllerConvenient.swift */; };
		848E7BCB1D59AA8600DE53A7 /* JXViewControllerConvenient.swift in Sources */ = {isa = PBXBuildFile; fileRef = 848E7BC91D59AA8600DE53A7 /* JXViewControllerConvenient.swift */; };
		848E7BCC1D59AA8600DE53A7 /* JXViewControllerConvenient.swift in Sources */ = {isa = PBXBuildFile; fileRef = 848E7BC91D59AA8600DE53A7 /* JXViewControllerConvenient.swift */; };
		848E7BCE1D59CE3F00DE53A7 /* JXCircleView.swift in Sources */ = {isa = PBXBuildFile; fileRef = 848E7BCD1D59CE3F00DE53A7 /* JXCircleView.swift */; };
		848E7BCF1D59CE3F00DE53A7 /* JXCircleView.swift in Sources */ = {isa = PBXBuildFile; fileRef = 848E7BCD1D59CE3F00DE53A7 /* JXCircleView.swift */; };
		848E7BD01D59CE3F00DE53A7 /* JXCircleView.swift in Sources */ = {isa = PBXBuildFile; fileRef = 848E7BCD1D59CE3F00DE53A7 /* JXCircleView.swift */; };
		848E7BD31D5AD69C00DE53A7 /* JXLabelConvenient.swift in Sources */ = {isa = PBXBuildFile; fileRef = 848E7BD21D5AD69C00DE53A7 /* JXLabelConvenient.swift */; };
		848E7BD41D5AD69C00DE53A7 /* JXLabelConvenient.swift in Sources */ = {isa = PBXBuildFile; fileRef = 848E7BD21D5AD69C00DE53A7 /* JXLabelConvenient.swift */; };
		848E7BD51D5AD69C00DE53A7 /* JXLabelConvenient.swift in Sources */ = {isa = PBXBuildFile; fileRef = 848E7BD21D5AD69C00DE53A7 /* JXLabelConvenient.swift */; };
		84983B321D533812002480F4 /* JXUserConfiguration.swift in Sources */ = {isa = PBXBuildFile; fileRef = 84983B311D533812002480F4 /* JXUserConfiguration.swift */; };
		84983B331D533812002480F4 /* JXUserConfiguration.swift in Sources */ = {isa = PBXBuildFile; fileRef = 84983B311D533812002480F4 /* JXUserConfiguration.swift */; };
		84983B341D533812002480F4 /* JXUserConfiguration.swift in Sources */ = {isa = PBXBuildFile; fileRef = 84983B311D533812002480F4 /* JXUserConfiguration.swift */; };
		84D6CAC41D5187A1004AA64A /* JXUtility.swift in Sources */ = {isa = PBXBuildFile; fileRef = 84D6CAC31D5187A1004AA64A /* JXUtility.swift */; };
		84D6CAC51D5187A1004AA64A /* JXUtility.swift in Sources */ = {isa = PBXBuildFile; fileRef = 84D6CAC31D5187A1004AA64A /* JXUtility.swift */; };
		84D6CAC61D5187A1004AA64A /* JXUtility.swift in Sources */ = {isa = PBXBuildFile; fileRef = 84D6CAC31D5187A1004AA64A /* JXUtility.swift */; };
		84D6CAC81D518D05004AA64A /* JXConfigureFile.swift in Sources */ = {isa = PBXBuildFile; fileRef = 84D6CAC71D518D05004AA64A /* JXConfigureFile.swift */; };
		84D6CAC91D518D05004AA64A /* JXConfigureFile.swift in Sources */ = {isa = PBXBuildFile; fileRef = 84D6CAC71D518D05004AA64A /* JXConfigureFile.swift */; };
		84D6CACA1D518D05004AA64A /* JXConfigureFile.swift in Sources */ = {isa = PBXBuildFile; fileRef = 84D6CAC71D518D05004AA64A /* JXConfigureFile.swift */; };
		84D6CACC1D518D69004AA64A /* JXTableView.swift in Sources */ = {isa = PBXBuildFile; fileRef = 84D6CACB1D518D69004AA64A /* JXTableView.swift */; };
		84D6CACD1D518D69004AA64A /* JXTableView.swift in Sources */ = {isa = PBXBuildFile; fileRef = 84D6CACB1D518D69004AA64A /* JXTableView.swift */; };
		84D6CACE1D518D69004AA64A /* JXTableView.swift in Sources */ = {isa = PBXBuildFile; fileRef = 84D6CACB1D518D69004AA64A /* JXTableView.swift */; };
		84D6CAD01D518F12004AA64A /* JXItemTableView.swift in Sources */ = {isa = PBXBuildFile; fileRef = 84D6CACF1D518F12004AA64A /* JXItemTableView.swift */; };
		84D6CAD11D518F12004AA64A /* JXItemTableView.swift in Sources */ = {isa = PBXBuildFile; fileRef = 84D6CACF1D518F12004AA64A /* JXItemTableView.swift */; };
		84D6CAD21D518F12004AA64A /* JXItemTableView.swift in Sources */ = {isa = PBXBuildFile; fileRef = 84D6CACF1D518F12004AA64A /* JXItemTableView.swift */; };
		84D6CAD41D51A2AB004AA64A /* JXLineView.swift in Sources */ = {isa = PBXBuildFile; fileRef = 84D6CAD31D51A2AB004AA64A /* JXLineView.swift */; };
		84D6CAD51D51A2AB004AA64A /* JXLineView.swift in Sources */ = {isa = PBXBuildFile; fileRef = 84D6CAD31D51A2AB004AA64A /* JXLineView.swift */; };
		84D6CAD61D51A2AB004AA64A /* JXLineView.swift in Sources */ = {isa = PBXBuildFile; fileRef = 84D6CAD31D51A2AB004AA64A /* JXLineView.swift */; };
/* End PBXBuildFile section */

/* Begin PBXContainerItemProxy section */
		84803F211D4B51540090C893 /* PBXContainerItemProxy */ = {
			isa = PBXContainerItemProxy;
			containerPortal = 84803F041D4B51540090C893 /* Project object */;
			proxyType = 1;
			remoteGlobalIDString = 84803F0B1D4B51540090C893;
			remoteInfo = passwordManagement;
		};
		84803F2C1D4B51540090C893 /* PBXContainerItemProxy */ = {
			isa = PBXContainerItemProxy;
			containerPortal = 84803F041D4B51540090C893 /* Project object */;
			proxyType = 1;
			remoteGlobalIDString = 84803F0B1D4B51540090C893;
			remoteInfo = passwordManagement;
		};
/* End PBXContainerItemProxy section */

/* Begin PBXFileReference section */
		84551D241D585FDD00EF7AA5 /* KeychainSwift.swift */ = {isa = PBXFileReference; fileEncoding = 4; lastKnownFileType = sourcecode.swift; path = KeychainSwift.swift; sourceTree = "<group>"; };
		84551D251D585FDD00EF7AA5 /* KeychainSwiftAccessOptions.swift */ = {isa = PBXFileReference; fileEncoding = 4; lastKnownFileType = sourcecode.swift; path = KeychainSwiftAccessOptions.swift; sourceTree = "<group>"; };
		84551D261D585FDD00EF7AA5 /* TegKeychainConstants.swift */ = {isa = PBXFileReference; fileEncoding = 4; lastKnownFileType = sourcecode.swift; path = TegKeychainConstants.swift; sourceTree = "<group>"; };
		84551D331D58608D00EF7AA5 /* JXButtonConvenient.swift */ = {isa = PBXFileReference; fileEncoding = 4; lastKnownFileType = sourcecode.swift; path = JXButtonConvenient.swift; sourceTree = "<group>"; };
		8475BCAE1D5486B80053FDE2 /* JXProtectViewController.swift */ = {isa = PBXFileReference; fileEncoding = 4; lastKnownFileType = sourcecode.swift; path = JXProtectViewController.swift; sourceTree = "<group>"; };
		8475BCB21D5487560053FDE2 /* JXProtectView.swift */ = {isa = PBXFileReference; fileEncoding = 4; lastKnownFileType = sourcecode.swift; path = JXProtectView.swift; sourceTree = "<group>"; };
		84803F0C1D4B51540090C893 /* passwordManagement.app */ = {isa = PBXFileReference; explicitFileType = wrapper.application; includeInIndex = 0; path = passwordManagement.app; sourceTree = BUILT_PRODUCTS_DIR; };
		84803F0F1D4B51540090C893 /* AppDelegate.swift */ = {isa = PBXFileReference; lastKnownFileType = sourcecode.swift; path = AppDelegate.swift; sourceTree = "<group>"; };
		84803F161D4B51540090C893 /* Assets.xcassets */ = {isa = PBXFileReference; lastKnownFileType = folder.assetcatalog; path = Assets.xcassets; sourceTree = "<group>"; };
		84803F191D4B51540090C893 /* Base */ = {isa = PBXFileReference; lastKnownFileType = file.storyboard; name = Base; path = Base.lproj/LaunchScreen.storyboard; sourceTree = "<group>"; };
		84803F1B1D4B51540090C893 /* Info.plist */ = {isa = PBXFileReference; lastKnownFileType = text.plist.xml; path = Info.plist; sourceTree = "<group>"; };
		84803F201D4B51540090C893 /* passwordManagementTests.xctest */ = {isa = PBXFileReference; explicitFileType = wrapper.cfbundle; includeInIndex = 0; path = passwordManagementTests.xctest; sourceTree = BUILT_PRODUCTS_DIR; };
		84803F241D4B51540090C893 /* passwordManagementTests.swift */ = {isa = PBXFileReference; lastKnownFileType = sourcecode.swift; path = passwordManagementTests.swift; sourceTree = "<group>"; };
		84803F261D4B51540090C893 /* Info.plist */ = {isa = PBXFileReference; lastKnownFileType = text.plist.xml; path = Info.plist; sourceTree = "<group>"; };
		84803F2B1D4B51540090C893 /* passwordManagementUITests.xctest */ = {isa = PBXFileReference; explicitFileType = wrapper.cfbundle; includeInIndex = 0; path = passwordManagementUITests.xctest; sourceTree = BUILT_PRODUCTS_DIR; };
		84803F2F1D4B51540090C893 /* passwordManagementUITests.swift */ = {isa = PBXFileReference; lastKnownFileType = sourcecode.swift; path = passwordManagementUITests.swift; sourceTree = "<group>"; };
		84803F311D4B51540090C893 /* Info.plist */ = {isa = PBXFileReference; lastKnownFileType = text.plist.xml; path = Info.plist; sourceTree = "<group>"; };
		84803F451D4EE7180090C893 /* JXNavigationViewController.swift */ = {isa = PBXFileReference; fileEncoding = 4; lastKnownFileType = sourcecode.swift; path = JXNavigationViewController.swift; sourceTree = "<group>"; };
		84803F4B1D4EE74C0090C893 /* JXItemViewController.swift */ = {isa = PBXFileReference; fileEncoding = 4; lastKnownFileType = sourcecode.swift; path = JXItemViewController.swift; sourceTree = "<group>"; };
		84803F511D4EE8250090C893 /* JXViewConfigure.swift */ = {isa = PBXFileReference; fileEncoding = 4; lastKnownFileType = sourcecode.swift; path = JXViewConfigure.swift; sourceTree = "<group>"; };
		848E7BC91D59AA8600DE53A7 /* JXViewControllerConvenient.swift */ = {isa = PBXFileReference; fileEncoding = 4; lastKnownFileType = sourcecode.swift; path = JXViewControllerConvenient.swift; sourceTree = "<group>"; };
		848E7BCD1D59CE3F00DE53A7 /* JXCircleView.swift */ = {isa = PBXFileReference; fileEncoding = 4; lastKnownFileType = sourcecode.swift; path = JXCircleView.swift; sourceTree = "<group>"; };
		848E7BD21D5AD69C00DE53A7 /* JXLabelConvenient.swift */ = {isa = PBXFileReference; fileEncoding = 4; lastKnownFileType = sourcecode.swift; path = JXLabelConvenient.swift; sourceTree = "<group>"; };
		84983B311D533812002480F4 /* JXUserConfiguration.swift */ = {isa = PBXFileReference; fileEncoding = 4; lastKnownFileType = sourcecode.swift; path = JXUserConfiguration.swift; sourceTree = "<group>"; };
		84D6CAC31D5187A1004AA64A /* JXUtility.swift */ = {isa = PBXFileReference; fileEncoding = 4; lastKnownFileType = sourcecode.swift; path = JXUtility.swift; sourceTree = "<group>"; };
		84D6CAC71D518D05004AA64A /* JXConfigureFile.swift */ = {isa = PBXFileReference; fileEncoding = 4; lastKnownFileType = sourcecode.swift; path = JXConfigureFile.swift; sourceTree = "<group>"; };
		84D6CACB1D518D69004AA64A /* JXTableView.swift */ = {isa = PBXFileReference; fileEncoding = 4; lastKnownFileType = sourcecode.swift; path = JXTableView.swift; sourceTree = "<group>"; };
		84D6CACF1D518F12004AA64A /* JXItemTableView.swift */ = {isa = PBXFileReference; fileEncoding = 4; lastKnownFileType = sourcecode.swift; path = JXItemTableView.swift; sourceTree = "<group>"; };
		84D6CAD31D51A2AB004AA64A /* JXLineView.swift */ = {isa = PBXFileReference; fileEncoding = 4; lastKnownFileType = sourcecode.swift; path = JXLineView.swift; sourceTree = "<group>"; };
/* End PBXFileReference section */

/* Begin PBXFrameworksBuildPhase section */
		84803F091D4B51540090C893 /* Frameworks */ = {
			isa = PBXFrameworksBuildPhase;
			buildActionMask = 2147483647;
			files = (
			);
			runOnlyForDeploymentPostprocessing = 0;
		};
		84803F1D1D4B51540090C893 /* Frameworks */ = {
			isa = PBXFrameworksBuildPhase;
			buildActionMask = 2147483647;
			files = (
			);
			runOnlyForDeploymentPostprocessing = 0;
		};
		84803F281D4B51540090C893 /* Frameworks */ = {
			isa = PBXFrameworksBuildPhase;
			buildActionMask = 2147483647;
			files = (
			);
			runOnlyForDeploymentPostprocessing = 0;
		};
/* End PBXFrameworksBuildPhase section */

/* Begin PBXGroup section */
		84551D211D585FDD00EF7AA5 /* KeychainSwift */ = {
			isa = PBXGroup;
			children = (
				84551D241D585FDD00EF7AA5 /* KeychainSwift.swift */,
				84551D251D585FDD00EF7AA5 /* KeychainSwiftAccessOptions.swift */,
				84551D261D585FDD00EF7AA5 /* TegKeychainConstants.swift */,
			);
			path = KeychainSwift;
			sourceTree = "<group>";
		};
		8475BCAD1D5486AB0053FDE2 /* protectView */ = {
			isa = PBXGroup;
			children = (
				8475BCAE1D5486B80053FDE2 /* JXProtectViewController.swift */,
				8475BCB21D5487560053FDE2 /* JXProtectView.swift */,
				848E7BCD1D59CE3F00DE53A7 /* JXCircleView.swift */,
			);
			path = protectView;
			sourceTree = "<group>";
		};
		84803F031D4B51540090C893 = {
			isa = PBXGroup;
			children = (
				84551D211D585FDD00EF7AA5 /* KeychainSwift */,
				84803F411D4EE6E00090C893 /* baseClass */,
				84803F421D4EE6E00090C893 /* extension */,
				84803F431D4EE6E00090C893 /* main */,
				84803F441D4EE6E00090C893 /* tools */,
				84803F0E1D4B51540090C893 /* passwordManagement */,
				84803F231D4B51540090C893 /* passwordManagementTests */,
				84803F2E1D4B51540090C893 /* passwordManagementUITests */,
				84803F0D1D4B51540090C893 /* Products */,
			);
			sourceTree = "<group>";
		};
		84803F0D1D4B51540090C893 /* Products */ = {
			isa = PBXGroup;
			children = (
				84803F0C1D4B51540090C893 /* passwordManagement.app */,
				84803F201D4B51540090C893 /* passwordManagementTests.xctest */,
				84803F2B1D4B51540090C893 /* passwordManagementUITests.xctest */,
			);
			name = Products;
			sourceTree = "<group>";
		};
		84803F0E1D4B51540090C893 /* passwordManagement */ = {
			isa = PBXGroup;
			children = (
				84803F0F1D4B51540090C893 /* AppDelegate.swift */,
				84983B311D533812002480F4 /* JXUserConfiguration.swift */,
				84803F161D4B51540090C893 /* Assets.xcassets */,
				84803F181D4B51540090C893 /* LaunchScreen.storyboard */,
				84803F1B1D4B51540090C893 /* Info.plist */,
			);
			path = passwordManagement;
			sourceTree = "<group>";
		};
		84803F231D4B51540090C893 /* passwordManagementTests */ = {
			isa = PBXGroup;
			children = (
				84803F241D4B51540090C893 /* passwordManagementTests.swift */,
				84803F261D4B51540090C893 /* Info.plist */,
			);
			path = passwordManagementTests;
			sourceTree = "<group>";
		};
		84803F2E1D4B51540090C893 /* passwordManagementUITests */ = {
			isa = PBXGroup;
			children = (
				84803F2F1D4B51540090C893 /* passwordManagementUITests.swift */,
				84803F311D4B51540090C893 /* Info.plist */,
			);
			path = passwordManagementUITests;
			sourceTree = "<group>";
		};
		84803F411D4EE6E00090C893 /* baseClass */ = {
			isa = PBXGroup;
			children = (
				84803F451D4EE7180090C893 /* JXNavigationViewController.swift */,
				84D6CACB1D518D69004AA64A /* JXTableView.swift */,
			);
			path = baseClass;
			sourceTree = "<group>";
		};
		84803F421D4EE6E00090C893 /* extension */ = {
			isa = PBXGroup;
			children = (
				848E7BD11D5AD68E00DE53A7 /* UILabel */,
				848E7BC81D59AA6200DE53A7 /* UIViewController */,
				84803F4F1D4EE7A70090C893 /* UIButton */,
				84803F501D4EE7A70090C893 /* UIView */,
			);
			path = extension;
			sourceTree = "<group>";
		};
		84803F431D4EE6E00090C893 /* main */ = {
			isa = PBXGroup;
			children = (
				8475BCAD1D5486AB0053FDE2 /* protectView */,
				84803F4A1D4EE7450090C893 /* itemView */,
			);
			path = main;
			sourceTree = "<group>";
		};
		84803F441D4EE6E00090C893 /* tools */ = {
			isa = PBXGroup;
			children = (
				84D6CAC31D5187A1004AA64A /* JXUtility.swift */,
				84D6CAC71D518D05004AA64A /* JXConfigureFile.swift */,
			);
			path = tools;
			sourceTree = "<group>";
		};
		84803F4A1D4EE7450090C893 /* itemView */ = {
			isa = PBXGroup;
			children = (
				84803F4B1D4EE74C0090C893 /* JXItemViewController.swift */,
				84D6CACF1D518F12004AA64A /* JXItemTableView.swift */,
			);
			path = itemView;
			sourceTree = "<group>";
		};
		84803F4F1D4EE7A70090C893 /* UIButton */ = {
			isa = PBXGroup;
			children = (
				84551D331D58608D00EF7AA5 /* JXButtonConvenient.swift */,
			);
			path = UIButton;
			sourceTree = "<group>";
		};
		84803F501D4EE7A70090C893 /* UIView */ = {
			isa = PBXGroup;
			children = (
				84803F511D4EE8250090C893 /* JXViewConfigure.swift */,
				84D6CAD31D51A2AB004AA64A /* JXLineView.swift */,
			);
			path = UIView;
			sourceTree = "<group>";
		};
		848E7BC81D59AA6200DE53A7 /* UIViewController */ = {
			isa = PBXGroup;
			children = (
				848E7BC91D59AA8600DE53A7 /* JXViewControllerConvenient.swift */,
			);
			path = UIViewController;
			sourceTree = "<group>";
		};
		848E7BD11D5AD68E00DE53A7 /* UILabel */ = {
			isa = PBXGroup;
			children = (
				848E7BD21D5AD69C00DE53A7 /* JXLabelConvenient.swift */,
			);
			path = UILabel;
			sourceTree = "<group>";
		};
/* End PBXGroup section */

/* Begin PBXNativeTarget section */
		84803F0B1D4B51540090C893 /* passwordManagement */ = {
			isa = PBXNativeTarget;
			buildConfigurationList = 84803F341D4B51540090C893 /* Build configuration list for PBXNativeTarget "passwordManagement" */;
			buildPhases = (
				84803F081D4B51540090C893 /* Sources */,
				84803F091D4B51540090C893 /* Frameworks */,
				84803F0A1D4B51540090C893 /* Resources */,
			);
			buildRules = (
			);
			dependencies = (
			);
			name = passwordManagement;
			productName = passwordManagement;
			productReference = 84803F0C1D4B51540090C893 /* passwordManagement.app */;
			productType = "com.apple.product-type.application";
		};
		84803F1F1D4B51540090C893 /* passwordManagementTests */ = {
			isa = PBXNativeTarget;
			buildConfigurationList = 84803F371D4B51540090C893 /* Build configuration list for PBXNativeTarget "passwordManagementTests" */;
			buildPhases = (
				84803F1C1D4B51540090C893 /* Sources */,
				84803F1D1D4B51540090C893 /* Frameworks */,
				84803F1E1D4B51540090C893 /* Resources */,
			);
			buildRules = (
			);
			dependencies = (
				84803F221D4B51540090C893 /* PBXTargetDependency */,
			);
			name = passwordManagementTests;
			productName = passwordManagementTests;
			productReference = 84803F201D4B51540090C893 /* passwordManagementTests.xctest */;
			productType = "com.apple.product-type.bundle.unit-test";
		};
		84803F2A1D4B51540090C893 /* passwordManagementUITests */ = {
			isa = PBXNativeTarget;
			buildConfigurationList = 84803F3A1D4B51540090C893 /* Build configuration list for PBXNativeTarget "passwordManagementUITests" */;
			buildPhases = (
				84803F271D4B51540090C893 /* Sources */,
				84803F281D4B51540090C893 /* Frameworks */,
				84803F291D4B51540090C893 /* Resources */,
			);
			buildRules = (
			);
			dependencies = (
				84803F2D1D4B51540090C893 /* PBXTargetDependency */,
			);
			name = passwordManagementUITests;
			productName = passwordManagementUITests;
			productReference = 84803F2B1D4B51540090C893 /* passwordManagementUITests.xctest */;
			productType = "com.apple.product-type.bundle.ui-testing";
		};
/* End PBXNativeTarget section */

/* Begin PBXProject section */
		84803F041D4B51540090C893 /* Project object */ = {
			isa = PBXProject;
			attributes = {
				LastSwiftUpdateCheck = 0800;
				LastUpgradeCheck = 0800;
				ORGANIZATIONNAME = personal;
				TargetAttributes = {
					84803F0B1D4B51540090C893 = {
						CreatedOnToolsVersion = 8.0;
						DevelopmentTeam = V4X946G945;
						DevelopmentTeamName = "家贤 何 (Personal Team)";
						LastSwiftMigration = 0800;
						ProvisioningStyle = Automatic;
					};
					84803F1F1D4B51540090C893 = {
						CreatedOnToolsVersion = 8.0;
						DevelopmentTeam = V4X946G945;
						DevelopmentTeamName = "家贤 何 (Personal Team)";
						ProvisioningStyle = Automatic;
						TestTargetID = 84803F0B1D4B51540090C893;
					};
					84803F2A1D4B51540090C893 = {
						CreatedOnToolsVersion = 8.0;
						DevelopmentTeam = V4X946G945;
						DevelopmentTeamName = "家贤 何 (Personal Team)";
						ProvisioningStyle = Automatic;
						TestTargetID = 84803F0B1D4B51540090C893;
					};
				};
			};
			buildConfigurationList = 84803F071D4B51540090C893 /* Build configuration list for PBXProject "passwordManagement" */;
			compatibilityVersion = "Xcode 3.2";
			developmentRegion = English;
			hasScannedForEncodings = 0;
			knownRegions = (
				en,
				Base,
			);
			mainGroup = 84803F031D4B51540090C893;
			productRefGroup = 84803F0D1D4B51540090C893 /* Products */;
			projectDirPath = "";
			projectRoot = "";
			targets = (
				84803F0B1D4B51540090C893 /* passwordManagement */,
				84803F1F1D4B51540090C893 /* passwordManagementTests */,
				84803F2A1D4B51540090C893 /* passwordManagementUITests */,
			);
		};
/* End PBXProject section */

/* Begin PBXResourcesBuildPhase section */
		84803F0A1D4B51540090C893 /* Resources */ = {
			isa = PBXResourcesBuildPhase;
			buildActionMask = 2147483647;
			files = (
				84803F1A1D4B51540090C893 /* LaunchScreen.storyboard in Resources */,
				84803F171D4B51540090C893 /* Assets.xcassets in Resources */,
			);
			runOnlyForDeploymentPostprocessing = 0;
		};
		84803F1E1D4B51540090C893 /* Resources */ = {
			isa = PBXResourcesBuildPhase;
			buildActionMask = 2147483647;
			files = (
			);
			runOnlyForDeploymentPostprocessing = 0;
		};
		84803F291D4B51540090C893 /* Resources */ = {
			isa = PBXResourcesBuildPhase;
			buildActionMask = 2147483647;
			files = (
			);
			runOnlyForDeploymentPostprocessing = 0;
		};
/* End PBXResourcesBuildPhase section */

/* Begin PBXSourcesBuildPhase section */
		84803F081D4B51540090C893 /* Sources */ = {
			isa = PBXSourcesBuildPhase;
			buildActionMask = 2147483647;
			files = (
				848E7BD31D5AD69C00DE53A7 /* JXLabelConvenient.swift in Sources */,
				84803F461D4EE7180090C893 /* JXNavigationViewController.swift in Sources */,
				84551D2D1D585FDD00EF7AA5 /* KeychainSwiftAccessOptions.swift in Sources */,
				848E7BCE1D59CE3F00DE53A7 /* JXCircleView.swift in Sources */,
				848E7BCA1D59AA8600DE53A7 /* JXViewControllerConvenient.swift in Sources */,
				84D6CACC1D518D69004AA64A /* JXTableView.swift in Sources */,
				84803F4C1D4EE74C0090C893 /* JXItemViewController.swift in Sources */,
				84D6CAC81D518D05004AA64A /* JXConfigureFile.swift in Sources */,
				84D6CAD01D518F12004AA64A /* JXItemTableView.swift in Sources */,
				84D6CAD41D51A2AB004AA64A /* JXLineView.swift in Sources */,
				8475BCAF1D5486B80053FDE2 /* JXProtectViewController.swift in Sources */,
				8475BCB31D5487560053FDE2 /* JXProtectView.swift in Sources */,
				84803F101D4B51540090C893 /* AppDelegate.swift in Sources */,
				84551D341D58608D00EF7AA5 /* JXButtonConvenient.swift in Sources */,
				84983B321D533812002480F4 /* JXUserConfiguration.swift in Sources */,
				84551D2A1D585FDD00EF7AA5 /* KeychainSwift.swift in Sources */,
				84D6CAC41D5187A1004AA64A /* JXUtility.swift in Sources */,
				84551D301D585FDD00EF7AA5 /* TegKeychainConstants.swift in Sources */,
				84803F521D4EE8250090C893 /* JXViewConfigure.swift in Sources */,
			);
			runOnlyForDeploymentPostprocessing = 0;
		};
		84803F1C1D4B51540090C893 /* Sources */ = {
			isa = PBXSourcesBuildPhase;
			buildActionMask = 2147483647;
			files = (
				848E7BD41D5AD69C00DE53A7 /* JXLabelConvenient.swift in Sources */,
				84803F471D4EE7180090C893 /* JXNavigationViewController.swift in Sources */,
				84551D2E1D585FDD00EF7AA5 /* KeychainSwiftAccessOptions.swift in Sources */,
				848E7BCF1D59CE3F00DE53A7 /* JXCircleView.swift in Sources */,
				848E7BCB1D59AA8600DE53A7 /* JXViewControllerConvenient.swift in Sources */,
				84D6CACD1D518D69004AA64A /* JXTableView.swift in Sources */,
				84803F4D1D4EE74C0090C893 /* JXItemViewController.swift in Sources */,
				84D6CAC91D518D05004AA64A /* JXConfigureFile.swift in Sources */,
				84D6CAD11D518F12004AA64A /* JXItemTableView.swift in Sources */,
				84D6CAD51D51A2AB004AA64A /* JXLineView.swift in Sources */,
				8475BCB01D5486B80053FDE2 /* JXProtectViewController.swift in Sources */,
				8475BCB41D5487560053FDE2 /* JXProtectView.swift in Sources */,
				84803F251D4B51540090C893 /* passwordManagementTests.swift in Sources */,
				84551D351D58608D00EF7AA5 /* JXButtonConvenient.swift in Sources */,
				84983B331D533812002480F4 /* JXUserConfiguration.swift in Sources */,
				84551D2B1D585FDD00EF7AA5 /* KeychainSwift.swift in Sources */,
				84D6CAC51D5187A1004AA64A /* JXUtility.swift in Sources */,
				84551D311D585FDD00EF7AA5 /* TegKeychainConstants.swift in Sources */,
				84803F531D4EE8250090C893 /* JXViewConfigure.swift in Sources */,
			);
			runOnlyForDeploymentPostprocessing = 0;
		};
		84803F271D4B51540090C893 /* Sources */ = {
			isa = PBXSourcesBuildPhase;
			buildActionMask = 2147483647;
			files = (
				848E7BD51D5AD69C00DE53A7 /* JXLabelConvenient.swift in Sources */,
				84803F481D4EE7180090C893 /* JXNavigationViewController.swift in Sources */,
				84551D2F1D585FDD00EF7AA5 /* KeychainSwiftAccessOptions.swift in Sources */,
				848E7BD01D59CE3F00DE53A7 /* JXCircleView.swift in Sources */,
				848E7BCC1D59AA8600DE53A7 /* JXViewControllerConvenient.swift in Sources */,
				84D6CACE1D518D69004AA64A /* JXTableView.swift in Sources */,
				84803F4E1D4EE74C0090C893 /* JXItemViewController.swift in Sources */,
				84D6CACA1D518D05004AA64A /* JXConfigureFile.swift in Sources */,
				84D6CAD21D518F12004AA64A /* JXItemTableView.swift in Sources */,
				84D6CAD61D51A2AB004AA64A /* JXLineView.swift in Sources */,
				8475BCB11D5486B80053FDE2 /* JXProtectViewController.swift in Sources */,
				8475BCB51D5487560053FDE2 /* JXProtectView.swift in Sources */,
				84803F301D4B51540090C893 /* passwordManagementUITests.swift in Sources */,
				84551D361D58608D00EF7AA5 /* JXButtonConvenient.swift in Sources */,
				84983B341D533812002480F4 /* JXUserConfiguration.swift in Sources */,
				84551D2C1D585FDD00EF7AA5 /* KeychainSwift.swift in Sources */,
				84D6CAC61D5187A1004AA64A /* JXUtility.swift in Sources */,
				84551D321D585FDD00EF7AA5 /* TegKeychainConstants.swift in Sources */,
				84803F541D4EE8250090C893 /* JXViewConfigure.swift in Sources */,
			);
			runOnlyForDeploymentPostprocessing = 0;
		};
/* End PBXSourcesBuildPhase section */

/* Begin PBXTargetDependency section */
		84803F221D4B51540090C893 /* PBXTargetDependency */ = {
			isa = PBXTargetDependency;
			target = 84803F0B1D4B51540090C893 /* passwordManagement */;
			targetProxy = 84803F211D4B51540090C893 /* PBXContainerItemProxy */;
		};
		84803F2D1D4B51540090C893 /* PBXTargetDependency */ = {
			isa = PBXTargetDependency;
			target = 84803F0B1D4B51540090C893 /* passwordManagement */;
			targetProxy = 84803F2C1D4B51540090C893 /* PBXContainerItemProxy */;
		};
/* End PBXTargetDependency section */

/* Begin PBXVariantGroup section */
		84803F181D4B51540090C893 /* LaunchScreen.storyboard */ = {
			isa = PBXVariantGroup;
			children = (
				84803F191D4B51540090C893 /* Base */,
			);
			name = LaunchScreen.storyboard;
			sourceTree = "<group>";
		};
/* End PBXVariantGroup section */

/* Begin XCBuildConfiguration section */
		84803F321D4B51540090C893 /* Debug */ = {
			isa = XCBuildConfiguration;
			buildSettings = {
				ALWAYS_SEARCH_USER_PATHS = NO;
				CLANG_ANALYZER_NONNULL = YES;
				CLANG_CXX_LANGUAGE_STANDARD = "gnu++0x";
				CLANG_CXX_LIBRARY = "libc++";
				CLANG_ENABLE_MODULES = YES;
				CLANG_ENABLE_OBJC_ARC = YES;
				CLANG_WARN_BOOL_CONVERSION = YES;
				CLANG_WARN_CONSTANT_CONVERSION = YES;
				CLANG_WARN_DIRECT_OBJC_ISA_USAGE = YES_ERROR;
				CLANG_WARN_DOCUMENTATION_COMMENTS = YES;
				CLANG_WARN_EMPTY_BODY = YES;
				CLANG_WARN_ENUM_CONVERSION = YES;
				CLANG_WARN_INT_CONVERSION = YES;
				CLANG_WARN_OBJC_ROOT_CLASS = YES_ERROR;
				CLANG_WARN_UNREACHABLE_CODE = YES;
				CLANG_WARN__DUPLICATE_METHOD_MATCH = YES;
				"CODE_SIGN_IDENTITY[sdk=iphoneos*]" = "iPhone Developer";
				COPY_PHASE_STRIP = NO;
				DEBUG_INFORMATION_FORMAT = dwarf;
				ENABLE_STRICT_OBJC_MSGSEND = YES;
				ENABLE_TESTABILITY = YES;
				GCC_C_LANGUAGE_STANDARD = gnu99;
				GCC_DYNAMIC_NO_PIC = NO;
				GCC_NO_COMMON_BLOCKS = YES;
				GCC_OPTIMIZATION_LEVEL = 0;
				GCC_PREPROCESSOR_DEFINITIONS = (
					"DEBUG=1",
					"$(inherited)",
				);
				GCC_WARN_64_TO_32_BIT_CONVERSION = YES;
				GCC_WARN_ABOUT_RETURN_TYPE = YES_ERROR;
				GCC_WARN_UNDECLARED_SELECTOR = YES;
				GCC_WARN_UNINITIALIZED_AUTOS = YES_AGGRESSIVE;
				GCC_WARN_UNUSED_FUNCTION = YES;
				GCC_WARN_UNUSED_VARIABLE = YES;
				IPHONEOS_DEPLOYMENT_TARGET = 10.0;
				MTL_ENABLE_DEBUG_INFO = YES;
				ONLY_ACTIVE_ARCH = YES;
				SDKROOT = iphoneos;
				SWIFT_ACTIVE_COMPILATION_CONDITIONS = DEBUG;
				SWIFT_OPTIMIZATION_LEVEL = "-Onone";
			};
			name = Debug;
		};
		84803F331D4B51540090C893 /* Release */ = {
			isa = XCBuildConfiguration;
			buildSettings = {
				ALWAYS_SEARCH_USER_PATHS = NO;
				CLANG_ANALYZER_NONNULL = YES;
				CLANG_CXX_LANGUAGE_STANDARD = "gnu++0x";
				CLANG_CXX_LIBRARY = "libc++";
				CLANG_ENABLE_MODULES = YES;
				CLANG_ENABLE_OBJC_ARC = YES;
				CLANG_WARN_BOOL_CONVERSION = YES;
				CLANG_WARN_CONSTANT_CONVERSION = YES;
				CLANG_WARN_DIRECT_OBJC_ISA_USAGE = YES_ERROR;
				CLANG_WARN_DOCUMENTATION_COMMENTS = YES;
				CLANG_WARN_EMPTY_BODY = YES;
				CLANG_WARN_ENUM_CONVERSION = YES;
				CLANG_WARN_INT_CONVERSION = YES;
				CLANG_WARN_OBJC_ROOT_CLASS = YES_ERROR;
				CLANG_WARN_UNREACHABLE_CODE = YES;
				CLANG_WARN__DUPLICATE_METHOD_MATCH = YES;
				"CODE_SIGN_IDENTITY[sdk=iphoneos*]" = "iPhone Developer";
				COPY_PHASE_STRIP = NO;
				DEBUG_INFORMATION_FORMAT = "dwarf-with-dsym";
				ENABLE_NS_ASSERTIONS = NO;
				ENABLE_STRICT_OBJC_MSGSEND = YES;
				GCC_C_LANGUAGE_STANDARD = gnu99;
				GCC_NO_COMMON_BLOCKS = YES;
				GCC_WARN_64_TO_32_BIT_CONVERSION = YES;
				GCC_WARN_ABOUT_RETURN_TYPE = YES_ERROR;
				GCC_WARN_UNDECLARED_SELECTOR = YES;
				GCC_WARN_UNINITIALIZED_AUTOS = YES_AGGRESSIVE;
				GCC_WARN_UNUSED_FUNCTION = YES;
				GCC_WARN_UNUSED_VARIABLE = YES;
				IPHONEOS_DEPLOYMENT_TARGET = 10.0;
				MTL_ENABLE_DEBUG_INFO = NO;
				SDKROOT = iphoneos;
				SWIFT_OPTIMIZATION_LEVEL = "-Owholemodule";
				VALIDATE_PRODUCT = YES;
			};
			name = Release;
		};
		84803F351D4B51540090C893 /* Debug */ = {
			isa = XCBuildConfiguration;
			buildSettings = {
				ASSETCATALOG_COMPILER_APPICON_NAME = AppIcon;
				CLANG_ENABLE_MODULES = YES;
				CODE_SIGN_IDENTITY = "iPhone Developer";
				"CODE_SIGN_IDENTITY[sdk=iphoneos*]" = "iPhone Developer";
				INFOPLIST_FILE = passwordManagement/Info.plist;
				IPHONEOS_DEPLOYMENT_TARGET = 9.0;
				LD_RUNPATH_SEARCH_PATHS = "$(inherited) @executable_path/Frameworks";
				PRODUCT_BUNDLE_IDENTIFIER = cn.lvstudent.passwordManagement;
				PRODUCT_NAME = "$(TARGET_NAME)";
				SWIFT_OPTIMIZATION_LEVEL = "-Onone";
				SWIFT_VERSION = 3.0;
			};
			name = Debug;
		};
		84803F361D4B51540090C893 /* Release */ = {
			isa = XCBuildConfiguration;
			buildSettings = {
				ASSETCATALOG_COMPILER_APPICON_NAME = AppIcon;
				CLANG_ENABLE_MODULES = YES;
				CODE_SIGN_IDENTITY = "iPhone Developer";
				"CODE_SIGN_IDENTITY[sdk=iphoneos*]" = "iPhone Developer";
				INFOPLIST_FILE = passwordManagement/Info.plist;
				IPHONEOS_DEPLOYMENT_TARGET = 9.0;
				LD_RUNPATH_SEARCH_PATHS = "$(inherited) @executable_path/Frameworks";
				PRODUCT_BUNDLE_IDENTIFIER = cn.lvstudent.passwordManagement;
				PRODUCT_NAME = "$(TARGET_NAME)";
				SWIFT_VERSION = 3.0;
			};
			name = Release;
		};
		84803F381D4B51540090C893 /* Debug */ = {
			isa = XCBuildConfiguration;
			buildSettings = {
				BUNDLE_LOADER = "$(TEST_HOST)";
				INFOPLIST_FILE = passwordManagementTests/Info.plist;
				LD_RUNPATH_SEARCH_PATHS = "$(inherited) @executable_path/Frameworks @loader_path/Frameworks";
				PRODUCT_BUNDLE_IDENTIFIER = cn.lvstudent.passwordManagementTests;
				PRODUCT_NAME = "$(TARGET_NAME)";
				SWIFT_VERSION = 3.0;
				TEST_HOST = "$(BUILT_PRODUCTS_DIR)/passwordManagement.app/passwordManagement";
			};
			name = Debug;
		};
		84803F391D4B51540090C893 /* Release */ = {
			isa = XCBuildConfiguration;
			buildSettings = {
				BUNDLE_LOADER = "$(TEST_HOST)";
				INFOPLIST_FILE = passwordManagementTests/Info.plist;
				LD_RUNPATH_SEARCH_PATHS = "$(inherited) @executable_path/Frameworks @loader_path/Frameworks";
				PRODUCT_BUNDLE_IDENTIFIER = cn.lvstudent.passwordManagementTests;
				PRODUCT_NAME = "$(TARGET_NAME)";
				SWIFT_VERSION = 3.0;
				TEST_HOST = "$(BUILT_PRODUCTS_DIR)/passwordManagement.app/passwordManagement";
			};
			name = Release;
		};
		84803F3B1D4B51540090C893 /* Debug */ = {
			isa = XCBuildConfiguration;
			buildSettings = {
				INFOPLIST_FILE = passwordManagementUITests/Info.plist;
				LD_RUNPATH_SEARCH_PATHS = "$(inherited) @executable_path/Frameworks @loader_path/Frameworks";
				PRODUCT_BUNDLE_IDENTIFIER = cn.lvstudent.passwordManagementUITests;
				PRODUCT_NAME = "$(TARGET_NAME)";
				SWIFT_VERSION = 3.0;
				TEST_TARGET_NAME = passwordManagement;
			};
			name = Debug;
		};
		84803F3C1D4B51540090C893 /* Release */ = {
			isa = XCBuildConfiguration;
			buildSettings = {
				INFOPLIST_FILE = passwordManagementUITests/Info.plist;
				LD_RUNPATH_SEARCH_PATHS = "$(inherited) @executable_path/Frameworks @loader_path/Frameworks";
				PRODUCT_BUNDLE_IDENTIFIER = cn.lvstudent.passwordManagementUITests;
				PRODUCT_NAME = "$(TARGET_NAME)";
				SWIFT_VERSION = 3.0;
				TEST_TARGET_NAME = passwordManagement;
			};
			name = Release;
		};
/* End XCBuildConfiguration section */

/* Begin XCConfigurationList section */
		84803F071D4B51540090C893 /* Build configuration list for PBXProject "passwordManagement" */ = {
			isa = XCConfigurationList;
			buildConfigurations = (
				84803F321D4B51540090C893 /* Debug */,
				84803F331D4B51540090C893 /* Release */,
			);
			defaultConfigurationIsVisible = 0;
			defaultConfigurationName = Release;
		};
		84803F341D4B51540090C893 /* Build configuration list for PBXNativeTarget "passwordManagement" */ = {
			isa = XCConfigurationList;
			buildConfigurations = (
				84803F351D4B51540090C893 /* Debug */,
				84803F361D4B51540090C893 /* Release */,
			);
			defaultConfigurationIsVisible = 0;
			defaultConfigurationName = Release;
		};
		84803F371D4B51540090C893 /* Build configuration list for PBXNativeTarget "passwordManagementTests" */ = {
			isa = XCConfigurationList;
			buildConfigurations = (
				84803F381D4B51540090C893 /* Debug */,
				84803F391D4B51540090C893 /* Release */,
			);
			defaultConfigurationIsVisible = 0;
			defaultConfigurationName = Release;
		};
		84803F3A1D4B51540090C893 /* Build configuration list for PBXNativeTarget "passwordManagementUITests" */ = {
			isa = XCConfigurationList;
			buildConfigurations = (
				84803F3B1D4B51540090C893 /* Debug */,
				84803F3C1D4B51540090C893 /* Release */,
			);
			defaultConfigurationIsVisible = 0;
			defaultConfigurationName = Release;
		};
/* End XCConfigurationList section */
	};
	rootObject = 84803F041D4B51540090C893 /* Project object */;
}
